{
  "version": 4,
  "terraform_version": "1.6.2",
  "serial": 30,
  "lineage": "ad4607f6-0c56-49c9-8ee0-c51c1287f1c5",
  "outputs": {},
  "resources": [
    {
      "mode": "managed",
      "type": "github_repository",
      "name": "terraform-second-repo",
      "provider": "provider[\"registry.terraform.io/hashicorp/github\"]",
      "instances": [
        {
          "schema_version": 1,
          "attributes": {
            "allow_auto_merge": false,
            "allow_merge_commit": true,
            "allow_rebase_merge": true,
            "allow_squash_merge": true,
            "allow_update_branch": false,
            "archive_on_destroy": null,
            "archived": false,
            "auto_init": true,
            "default_branch": "main",
            "delete_branch_on_merge": false,
            "description": "My first-terraform-project to create this repo using teraform auomation",
            "etag": "W/\"d078b24d6c287be19e5af2f54f00159bb7f63fb3a2ab5c5a87ae3730119c28c2\"",
            "full_name": "Musaif786/second-terraform-project",
            "git_clone_url": "git://github.com/Musaif786/second-terraform-project.git",
            "gitignore_template": null,
            "has_discussions": false,
            "has_downloads": false,
            "has_issues": false,
            "has_projects": false,
            "has_wiki": false,
            "homepage_url": "",
            "html_url": "https://github.com/Musaif786/second-terraform-project",
            "http_clone_url": "https://github.com/Musaif786/second-terraform-project.git",
            "id": "second-terraform-project",
            "ignore_vulnerability_alerts_during_read": null,
            "is_template": false,
            "license_template": null,
            "merge_commit_message": "PR_TITLE",
            "merge_commit_title": "MERGE_MESSAGE",
            "name": "second-terraform-project",
            "node_id": "R_kgDOLDdyNg",
            "pages": [],
            "primary_language": "",
            "private": true,
            "repo_id": 741831222,
            "security_and_analysis": [],
            "squash_merge_commit_message": "COMMIT_MESSAGES",
            "squash_merge_commit_title": "COMMIT_OR_PR_TITLE",
            "ssh_clone_url": "git@github.com:Musaif786/second-terraform-project.git",
            "svn_url": "https://github.com/Musaif786/second-terraform-project",
            "template": [],
            "topics": [],
            "visibility": "private",
            "vulnerability_alerts": false
          },
          "sensitive_attributes": [],
          "private": "eyJzY2hlbWFfdmVyc2lvbiI6IjEifQ=="
        }
      ]
    }
  ],
  "check_results": null
}
