{
  "version": 4,
  "terraform_version": "1.6.2",
  "serial": 9,
  "lineage": "ad4607f6-0c56-49c9-8ee0-c51c1287f1c5",
  "outputs": {},
  "resources": [
    {
      "mode": "managed",
      "type": "github_repository",
      "name": "terraform-first-repo",
      "provider": "provider[\"registry.terraform.io/hashicorp/github\"]",
      "instances": [
        {
          "schema_version": 1,
          "attributes": {
            "allow_auto_merge": false,
            "allow_merge_commit": true,
            "allow_rebase_merge": true,
            "allow_squash_merge": true,
            "allow_update_branch": false,
            "archive_on_destroy": null,
            "archived": false,
            "auto_init": true,
            "default_branch": "main",
            "delete_branch_on_merge": false,
            "description": "My first-terraform-project to create this repo using teraform auomation",
            "etag": "W/\"9c67e06c1995be2c3bddd1e494616972c51687f46ef349f73284dee5ab5b5ed6\"",
            "full_name": "Musaif786/first-terraform-project",
            "git_clone_url": "git://github.com/Musaif786/first-terraform-project.git",
            "gitignore_template": null,
            "has_discussions": false,
            "has_downloads": false,
            "has_issues": false,
            "has_projects": false,
            "has_wiki": false,
            "homepage_url": "",
            "html_url": "https://github.com/Musaif786/first-terraform-project",
            "http_clone_url": "https://github.com/Musaif786/first-terraform-project.git",
            "id": "first-terraform-project",
            "ignore_vulnerability_alerts_during_read": null,
            "is_template": false,
            "license_template": null,
            "merge_commit_message": "PR_TITLE",
            "merge_commit_title": "MERGE_MESSAGE",
            "name": "first-terraform-project",
            "node_id": "R_kgDOKlLbkA",
            "pages": [],
            "primary_language": "",
            "private": false,
            "repo_id": 710073232,
            "security_and_analysis": [
              {
                "advanced_security": [],
                "secret_scanning": [
                  {
                    "status": "disabled"
                  }
                ],
                "secret_scanning_push_protection": [
                  {
                    "status": "disabled"
                  }
                ]
              }
            ],
            "squash_merge_commit_message": "COMMIT_MESSAGES",
            "squash_merge_commit_title": "COMMIT_OR_PR_TITLE",
            "ssh_clone_url": "git@github.com:Musaif786/first-terraform-project.git",
            "svn_url": "https://github.com/Musaif786/first-terraform-project",
            "template": [],
            "topics": [],
            "visibility": "public",
            "vulnerability_alerts": false
          },
          "sensitive_attributes": [],
          "private": "eyJzY2hlbWFfdmVyc2lvbiI6IjEifQ=="
        }
      ]
    }
  ],
  "check_results": null
}
